// !$*UTF8*$!
{
	archiveVersion = 1;
	classes = {
	};
	objectVersion = 55;
	objects = {

/* Begin PBXBuildFile section */
		412FDB2128A53690008761B3 /* CityCell.swift in Sources */ = {isa = PBXBuildFile; fileRef = 412FDB2028A53690008761B3 /* CityCell.swift */; };
		4151DF382898071300C45B11 /* DailyContainerCell.swift in Sources */ = {isa = PBXBuildFile; fileRef = 4151DF362898071300C45B11 /* DailyContainerCell.swift */; };
		4151DF392898071300C45B11 /* DailyContainerCell.xib in Resources */ = {isa = PBXBuildFile; fileRef = 4151DF372898071300C45B11 /* DailyContainerCell.xib */; };
		4151DF412898112F00C45B11 /* DailyCollectionViewCell.swift in Sources */ = {isa = PBXBuildFile; fileRef = 4151DF3F2898112F00C45B11 /* DailyCollectionViewCell.swift */; };
		4151DF422898112F00C45B11 /* DailyCollectionViewCell.xib in Resources */ = {isa = PBXBuildFile; fileRef = 4151DF402898112F00C45B11 /* DailyCollectionViewCell.xib */; };
		41808DC1289ED72800C50D6D /* SearchViewController.swift in Sources */ = {isa = PBXBuildFile; fileRef = 41808DC0289ED72800C50D6D /* SearchViewController.swift */; };
		41BA8C04289185F40070F063 /* Weather.swift in Sources */ = {isa = PBXBuildFile; fileRef = 41BA8C03289185F40070F063 /* Weather.swift */; };
		41BA8C082892DA740070F063 /* HourlyCollectionViewCell.swift in Sources */ = {isa = PBXBuildFile; fileRef = 41BA8C062892DA730070F063 /* HourlyCollectionViewCell.swift */; };
		41BA8C092892DA740070F063 /* HourlyCollectionViewCell.xib in Resources */ = {isa = PBXBuildFile; fileRef = 41BA8C072892DA740070F063 /* HourlyCollectionViewCell.xib */; };
		41BC19A428A6D1840004FAA9 /* GooglePlacesManager.swift in Sources */ = {isa = PBXBuildFile; fileRef = 41BC19A328A6D1840004FAA9 /* GooglePlacesManager.swift */; };
		41D2218A2889B5230019CD2F /* AppDelegate.swift in Sources */ = {isa = PBXBuildFile; fileRef = 41D221892889B5230019CD2F /* AppDelegate.swift */; };
		41D2218C2889B5230019CD2F /* SceneDelegate.swift in Sources */ = {isa = PBXBuildFile; fileRef = 41D2218B2889B5230019CD2F /* SceneDelegate.swift */; };
		41D2218E2889B5230019CD2F /* MainViewController.swift in Sources */ = {isa = PBXBuildFile; fileRef = 41D2218D2889B5230019CD2F /* MainViewController.swift */; };
		41D221912889B5230019CD2F /* Main.storyboard in Resources */ = {isa = PBXBuildFile; fileRef = 41D2218F2889B5230019CD2F /* Main.storyboard */; };
		41D221932889B5250019CD2F /* Assets.xcassets in Resources */ = {isa = PBXBuildFile; fileRef = 41D221922889B5250019CD2F /* Assets.xcassets */; };
		41D221962889B5250019CD2F /* LaunchScreen.storyboard in Resources */ = {isa = PBXBuildFile; fileRef = 41D221942889B5250019CD2F /* LaunchScreen.storyboard */; };
		41D221A12889B5250019CD2F /* MyWeatherTests.swift in Sources */ = {isa = PBXBuildFile; fileRef = 41D221A02889B5250019CD2F /* MyWeatherTests.swift */; };
		41D221AB2889B5250019CD2F /* MyWeatherUITests.swift in Sources */ = {isa = PBXBuildFile; fileRef = 41D221AA2889B5250019CD2F /* MyWeatherUITests.swift */; };
		41D221AD2889B5250019CD2F /* MyWeatherUITestsLaunchTests.swift in Sources */ = {isa = PBXBuildFile; fileRef = 41D221AC2889B5250019CD2F /* MyWeatherUITestsLaunchTests.swift */; };
		41D221C12889B7DD0019CD2F /* HourlyContainerCell.swift in Sources */ = {isa = PBXBuildFile; fileRef = 41D221BF2889B7DD0019CD2F /* HourlyContainerCell.swift */; };
		41D221C22889B7DD0019CD2F /* HourlyContainerCell.xib in Resources */ = {isa = PBXBuildFile; fileRef = 41D221C02889B7DD0019CD2F /* HourlyContainerCell.xib */; };
/* End PBXBuildFile section */

/* Begin PBXContainerItemProxy section */
		41D2219D2889B5250019CD2F /* PBXContainerItemProxy */ = {
			isa = PBXContainerItemProxy;
			containerPortal = 41D2217E2889B5230019CD2F /* Project object */;
			proxyType = 1;
			remoteGlobalIDString = 41D221852889B5230019CD2F;
			remoteInfo = MyWeather;
		};
		41D221A72889B5250019CD2F /* PBXContainerItemProxy */ = {
			isa = PBXContainerItemProxy;
			containerPortal = 41D2217E2889B5230019CD2F /* Project object */;
			proxyType = 1;
			remoteGlobalIDString = 41D221852889B5230019CD2F;
			remoteInfo = MyWeather;
		};
/* End PBXContainerItemProxy section */

/* Begin PBXFileReference section */
		412FDB2028A53690008761B3 /* CityCell.swift */ = {isa = PBXFileReference; lastKnownFileType = sourcecode.swift; path = CityCell.swift; sourceTree = "<group>"; };
		4151DF362898071300C45B11 /* DailyContainerCell.swift */ = {isa = PBXFileReference; fileEncoding = 4; lastKnownFileType = sourcecode.swift; path = DailyContainerCell.swift; sourceTree = "<group>"; };
		4151DF372898071300C45B11 /* DailyContainerCell.xib */ = {isa = PBXFileReference; fileEncoding = 4; lastKnownFileType = file.xib; path = DailyContainerCell.xib; sourceTree = "<group>"; };
		4151DF3F2898112F00C45B11 /* DailyCollectionViewCell.swift */ = {isa = PBXFileReference; lastKnownFileType = sourcecode.swift; path = DailyCollectionViewCell.swift; sourceTree = "<group>"; };
		4151DF402898112F00C45B11 /* DailyCollectionViewCell.xib */ = {isa = PBXFileReference; lastKnownFileType = file.xib; path = DailyCollectionViewCell.xib; sourceTree = "<group>"; };
		41808DC0289ED72800C50D6D /* SearchViewController.swift */ = {isa = PBXFileReference; lastKnownFileType = sourcecode.swift; path = SearchViewController.swift; sourceTree = "<group>"; };
		41BA8C03289185F40070F063 /* Weather.swift */ = {isa = PBXFileReference; lastKnownFileType = sourcecode.swift; path = Weather.swift; sourceTree = "<group>"; };
		41BA8C062892DA730070F063 /* HourlyCollectionViewCell.swift */ = {isa = PBXFileReference; lastKnownFileType = sourcecode.swift; path = HourlyCollectionViewCell.swift; sourceTree = "<group>"; };
		41BA8C072892DA740070F063 /* HourlyCollectionViewCell.xib */ = {isa = PBXFileReference; lastKnownFileType = file.xib; path = HourlyCollectionViewCell.xib; sourceTree = "<group>"; };
		41BC19A328A6D1840004FAA9 /* GooglePlacesManager.swift */ = {isa = PBXFileReference; lastKnownFileType = sourcecode.swift; path = GooglePlacesManager.swift; sourceTree = "<group>"; };
		41D221862889B5230019CD2F /* MyWeather.app */ = {isa = PBXFileReference; explicitFileType = wrapper.application; includeInIndex = 0; path = MyWeather.app; sourceTree = BUILT_PRODUCTS_DIR; };
		41D221892889B5230019CD2F /* AppDelegate.swift */ = {isa = PBXFileReference; lastKnownFileType = sourcecode.swift; path = AppDelegate.swift; sourceTree = "<group>"; };
		41D2218B2889B5230019CD2F /* SceneDelegate.swift */ = {isa = PBXFileReference; lastKnownFileType = sourcecode.swift; path = SceneDelegate.swift; sourceTree = "<group>"; };
		41D2218D2889B5230019CD2F /* MainViewController.swift */ = {isa = PBXFileReference; lastKnownFileType = sourcecode.swift; path = MainViewController.swift; sourceTree = "<group>"; };
		41D221902889B5230019CD2F /* Base */ = {isa = PBXFileReference; lastKnownFileType = file.storyboard; name = Base; path = Base.lproj/Main.storyboard; sourceTree = "<group>"; };
		41D221922889B5250019CD2F /* Assets.xcassets */ = {isa = PBXFileReference; lastKnownFileType = folder.assetcatalog; path = Assets.xcassets; sourceTree = "<group>"; };
		41D221952889B5250019CD2F /* Base */ = {isa = PBXFileReference; lastKnownFileType = file.storyboard; name = Base; path = Base.lproj/LaunchScreen.storyboard; sourceTree = "<group>"; };
		41D221972889B5250019CD2F /* Info.plist */ = {isa = PBXFileReference; lastKnownFileType = text.plist.xml; path = Info.plist; sourceTree = "<group>"; };
		41D2219C2889B5250019CD2F /* MyWeatherTests.xctest */ = {isa = PBXFileReference; explicitFileType = wrapper.cfbundle; includeInIndex = 0; path = MyWeatherTests.xctest; sourceTree = BUILT_PRODUCTS_DIR; };
		41D221A02889B5250019CD2F /* MyWeatherTests.swift */ = {isa = PBXFileReference; lastKnownFileType = sourcecode.swift; path = MyWeatherTests.swift; sourceTree = "<group>"; };
		41D221A62889B5250019CD2F /* MyWeatherUITests.xctest */ = {isa = PBXFileReference; explicitFileType = wrapper.cfbundle; includeInIndex = 0; path = MyWeatherUITests.xctest; sourceTree = BUILT_PRODUCTS_DIR; };
		41D221AA2889B5250019CD2F /* MyWeatherUITests.swift */ = {isa = PBXFileReference; lastKnownFileType = sourcecode.swift; path = MyWeatherUITests.swift; sourceTree = "<group>"; };
		41D221AC2889B5250019CD2F /* MyWeatherUITestsLaunchTests.swift */ = {isa = PBXFileReference; lastKnownFileType = sourcecode.swift; path = MyWeatherUITestsLaunchTests.swift; sourceTree = "<group>"; };
		41D221BF2889B7DD0019CD2F /* HourlyContainerCell.swift */ = {isa = PBXFileReference; lastKnownFileType = sourcecode.swift; path = HourlyContainerCell.swift; sourceTree = "<group>"; };
		41D221C02889B7DD0019CD2F /* HourlyContainerCell.xib */ = {isa = PBXFileReference; lastKnownFileType = file.xib; path = HourlyContainerCell.xib; sourceTree = "<group>"; };
		41D2EA802898330C00230EC1 /* Secrets.xcconfig */ = {isa = PBXFileReference; lastKnownFileType = text.xcconfig; path = Secrets.xcconfig; sourceTree = "<group>"; };
		68B1F4C65D7A043096A731A8 /* Pods-MyWeather.debug.xcconfig */ = {isa = PBXFileReference; includeInIndex = 1; lastKnownFileType = text.xcconfig; name = "Pods-MyWeather.debug.xcconfig"; path = "Target Support Files/Pods-MyWeather/Pods-MyWeather.debug.xcconfig"; sourceTree = "<group>"; };
		BC399531EAB75DDDF6520D62 /* Pods-MyWeather.release.xcconfig */ = {isa = PBXFileReference; includeInIndex = 1; lastKnownFileType = text.xcconfig; name = "Pods-MyWeather.release.xcconfig"; path = "Target Support Files/Pods-MyWeather/Pods-MyWeather.release.xcconfig"; sourceTree = "<group>"; };
/* End PBXFileReference section */

/* Begin PBXFrameworksBuildPhase section */
		41D221832889B5230019CD2F /* Frameworks */ = {
			isa = PBXFrameworksBuildPhase;
			buildActionMask = 2147483647;
			files = (
			);
			runOnlyForDeploymentPostprocessing = 0;
		};
		41D221992889B5250019CD2F /* Frameworks */ = {
			isa = PBXFrameworksBuildPhase;
			buildActionMask = 2147483647;
			files = (
			);
			runOnlyForDeploymentPostprocessing = 0;
		};
		41D221A32889B5250019CD2F /* Frameworks */ = {
			isa = PBXFrameworksBuildPhase;
			buildActionMask = 2147483647;
			files = (
			);
			runOnlyForDeploymentPostprocessing = 0;
		};
/* End PBXFrameworksBuildPhase section */

/* Begin PBXGroup section */
		4151DF3A2898071900C45B11 /* DailyCollectionViewCell */ = {
			isa = PBXGroup;
			children = (
				4151DF3F2898112F00C45B11 /* DailyCollectionViewCell.swift */,
				4151DF402898112F00C45B11 /* DailyCollectionViewCell.xib */,
			);
			path = DailyCollectionViewCell;
			sourceTree = "<group>";
		};
		41BA8C02289185DD0070F063 /* Models */ = {
			isa = PBXGroup;
			children = (
				41BA8C03289185F40070F063 /* Weather.swift */,
			);
			path = Models;
			sourceTree = "<group>";
		};
		41BA8C052892D8EB0070F063 /* HourlyCollectionViewCell */ = {
			isa = PBXGroup;
			children = (
				41BA8C062892DA730070F063 /* HourlyCollectionViewCell.swift */,
				41BA8C072892DA740070F063 /* HourlyCollectionViewCell.xib */,
			);
			path = HourlyCollectionViewCell;
			sourceTree = "<group>";
		};
		41D2217D2889B5230019CD2F = {
			isa = PBXGroup;
			children = (
				41D2EA802898330C00230EC1 /* Secrets.xcconfig */,
				41D221882889B5230019CD2F /* MyWeather */,
				41D2219F2889B5250019CD2F /* MyWeatherTests */,
				41D221A92889B5250019CD2F /* MyWeatherUITests */,
				41D221872889B5230019CD2F /* Products */,
				A0B3D30A27FDAB9324BEADC4 /* Pods */,
				CBE21648CFAFC2362F2A5E56 /* Frameworks */,
			);
			sourceTree = "<group>";
		};
		41D221872889B5230019CD2F /* Products */ = {
			isa = PBXGroup;
			children = (
				41D221862889B5230019CD2F /* MyWeather.app */,
				41D2219C2889B5250019CD2F /* MyWeatherTests.xctest */,
				41D221A62889B5250019CD2F /* MyWeatherUITests.xctest */,
			);
			name = Products;
			sourceTree = "<group>";
		};
		41D221882889B5230019CD2F /* MyWeather */ = {
			isa = PBXGroup;
			children = (
				4151DF3A2898071900C45B11 /* DailyCollectionViewCell */,
				41F1B4AA289806B2009376A0 /* DailyContainerCell */,
				41D221BA2889B7600019CD2F /* HourlyContainerCell */,
				41BA8C052892D8EB0070F063 /* HourlyCollectionViewCell */,
				41BA8C02289185DD0070F063 /* Models */,
				41D221892889B5230019CD2F /* AppDelegate.swift */,
				41D2218B2889B5230019CD2F /* SceneDelegate.swift */,
				41D2218D2889B5230019CD2F /* MainViewController.swift */,
				41D2218F2889B5230019CD2F /* Main.storyboard */,
				41D221922889B5250019CD2F /* Assets.xcassets */,
				41D221942889B5250019CD2F /* LaunchScreen.storyboard */,
				41D221972889B5250019CD2F /* Info.plist */,
				41808DC0289ED72800C50D6D /* SearchViewController.swift */,
				412FDB2028A53690008761B3 /* CityCell.swift */,
				41BC19A328A6D1840004FAA9 /* GooglePlacesManager.swift */,
			);
			path = MyWeather;
			sourceTree = "<group>";
		};
		41D2219F2889B5250019CD2F /* MyWeatherTests */ = {
			isa = PBXGroup;
			children = (
				41D221A02889B5250019CD2F /* MyWeatherTests.swift */,
			);
			path = MyWeatherTests;
			sourceTree = "<group>";
		};
		41D221A92889B5250019CD2F /* MyWeatherUITests */ = {
			isa = PBXGroup;
			children = (
				41D221AA2889B5250019CD2F /* MyWeatherUITests.swift */,
				41D221AC2889B5250019CD2F /* MyWeatherUITestsLaunchTests.swift */,
			);
			path = MyWeatherUITests;
			sourceTree = "<group>";
		};
		41D221BA2889B7600019CD2F /* HourlyContainerCell */ = {
			isa = PBXGroup;
			children = (
				41D221BF2889B7DD0019CD2F /* HourlyContainerCell.swift */,
				41D221C02889B7DD0019CD2F /* HourlyContainerCell.xib */,
			);
			path = HourlyContainerCell;
			sourceTree = "<group>";
		};
		41F1B4AA289806B2009376A0 /* DailyContainerCell */ = {
			isa = PBXGroup;
			children = (
				4151DF362898071300C45B11 /* DailyContainerCell.swift */,
				4151DF372898071300C45B11 /* DailyContainerCell.xib */,
			);
			path = DailyContainerCell;
			sourceTree = "<group>";
		};
		A0B3D30A27FDAB9324BEADC4 /* Pods */ = {
			isa = PBXGroup;
			children = (
				68B1F4C65D7A043096A731A8 /* Pods-MyWeather.debug.xcconfig */,
				BC399531EAB75DDDF6520D62 /* Pods-MyWeather.release.xcconfig */,
			);
			path = Pods;
			sourceTree = "<group>";
		};
		CBE21648CFAFC2362F2A5E56 /* Frameworks */ = {
			isa = PBXGroup;
			children = (
			);
			name = Frameworks;
			sourceTree = "<group>";
		};
/* End PBXGroup section */

/* Begin PBXNativeTarget section */
		41D221852889B5230019CD2F /* MyWeather */ = {
			isa = PBXNativeTarget;
			buildConfigurationList = 41D221B02889B5250019CD2F /* Build configuration list for PBXNativeTarget "MyWeather" */;
			buildPhases = (
				1B17AEED49F4BC551C09A653 /* [CP] Check Pods Manifest.lock */,
				41D221822889B5230019CD2F /* Sources */,
				41D221832889B5230019CD2F /* Frameworks */,
				41D221842889B5230019CD2F /* Resources */,
				09DED72D718ADA562F76EB26 /* [CP] Copy Pods Resources */,
			);
			buildRules = (
			);
			dependencies = (
			);
			name = MyWeather;
			productName = MyWeather;
			productReference = 41D221862889B5230019CD2F /* MyWeather.app */;
			productType = "com.apple.product-type.application";
		};
		41D2219B2889B5250019CD2F /* MyWeatherTests */ = {
			isa = PBXNativeTarget;
			buildConfigurationList = 41D221B32889B5250019CD2F /* Build configuration list for PBXNativeTarget "MyWeatherTests" */;
			buildPhases = (
				41D221982889B5250019CD2F /* Sources */,
				41D221992889B5250019CD2F /* Frameworks */,
				41D2219A2889B5250019CD2F /* Resources */,
			);
			buildRules = (
			);
			dependencies = (
				41D2219E2889B5250019CD2F /* PBXTargetDependency */,
			);
			name = MyWeatherTests;
			productName = MyWeatherTests;
			productReference = 41D2219C2889B5250019CD2F /* MyWeatherTests.xctest */;
			productType = "com.apple.product-type.bundle.unit-test";
		};
		41D221A52889B5250019CD2F /* MyWeatherUITests */ = {
			isa = PBXNativeTarget;
			buildConfigurationList = 41D221B62889B5250019CD2F /* Build configuration list for PBXNativeTarget "MyWeatherUITests" */;
			buildPhases = (
				41D221A22889B5250019CD2F /* Sources */,
				41D221A32889B5250019CD2F /* Frameworks */,
				41D221A42889B5250019CD2F /* Resources */,
			);
			buildRules = (
			);
			dependencies = (
				41D221A82889B5250019CD2F /* PBXTargetDependency */,
			);
			name = MyWeatherUITests;
			productName = MyWeatherUITests;
			productReference = 41D221A62889B5250019CD2F /* MyWeatherUITests.xctest */;
			productType = "com.apple.product-type.bundle.ui-testing";
		};
/* End PBXNativeTarget section */

/* Begin PBXProject section */
		41D2217E2889B5230019CD2F /* Project object */ = {
			isa = PBXProject;
			attributes = {
				BuildIndependentTargetsInParallel = 1;
				LastSwiftUpdateCheck = 1330;
				LastUpgradeCheck = 1330;
				TargetAttributes = {
					41D221852889B5230019CD2F = {
						CreatedOnToolsVersion = 13.3.1;
					};
					41D2219B2889B5250019CD2F = {
						CreatedOnToolsVersion = 13.3.1;
						TestTargetID = 41D221852889B5230019CD2F;
					};
					41D221A52889B5250019CD2F = {
						CreatedOnToolsVersion = 13.3.1;
						TestTargetID = 41D221852889B5230019CD2F;
					};
				};
			};
			buildConfigurationList = 41D221812889B5230019CD2F /* Build configuration list for PBXProject "MyWeather" */;
			compatibilityVersion = "Xcode 13.0";
			developmentRegion = en;
			hasScannedForEncodings = 0;
			knownRegions = (
				en,
				Base,
			);
			mainGroup = 41D2217D2889B5230019CD2F;
			productRefGroup = 41D221872889B5230019CD2F /* Products */;
			projectDirPath = "";
			projectRoot = "";
			targets = (
				41D221852889B5230019CD2F /* MyWeather */,
				41D2219B2889B5250019CD2F /* MyWeatherTests */,
				41D221A52889B5250019CD2F /* MyWeatherUITests */,
			);
		};
/* End PBXProject section */

/* Begin PBXResourcesBuildPhase section */
		41D221842889B5230019CD2F /* Resources */ = {
			isa = PBXResourcesBuildPhase;
			buildActionMask = 2147483647;
			files = (
				4151DF392898071300C45B11 /* DailyContainerCell.xib in Resources */,
				41D221C22889B7DD0019CD2F /* HourlyContainerCell.xib in Resources */,
				41D221962889B5250019CD2F /* LaunchScreen.storyboard in Resources */,
				41D221932889B5250019CD2F /* Assets.xcassets in Resources */,
				41D221912889B5230019CD2F /* Main.storyboard in Resources */,
				4151DF422898112F00C45B11 /* DailyCollectionViewCell.xib in Resources */,
				41BA8C092892DA740070F063 /* HourlyCollectionViewCell.xib in Resources */,
			);
			runOnlyForDeploymentPostprocessing = 0;
		};
		41D2219A2889B5250019CD2F /* Resources */ = {
			isa = PBXResourcesBuildPhase;
			buildActionMask = 2147483647;
			files = (
			);
			runOnlyForDeploymentPostprocessing = 0;
		};
		41D221A42889B5250019CD2F /* Resources */ = {
			isa = PBXResourcesBuildPhase;
			buildActionMask = 2147483647;
			files = (
			);
			runOnlyForDeploymentPostprocessing = 0;
		};
/* End PBXResourcesBuildPhase section */

/* Begin PBXShellScriptBuildPhase section */
		09DED72D718ADA562F76EB26 /* [CP] Copy Pods Resources */ = {
			isa = PBXShellScriptBuildPhase;
			buildActionMask = 2147483647;
			files = (
			);
			inputFileListPaths = (
				"${PODS_ROOT}/Target Support Files/Pods-MyWeather/Pods-MyWeather-resources-${CONFIGURATION}-input-files.xcfilelist",
			);
			name = "[CP] Copy Pods Resources";
			outputFileListPaths = (
				"${PODS_ROOT}/Target Support Files/Pods-MyWeather/Pods-MyWeather-resources-${CONFIGURATION}-output-files.xcfilelist",
			);
			runOnlyForDeploymentPostprocessing = 0;
			shellPath = /bin/sh;
			shellScript = "\"${PODS_ROOT}/Target Support Files/Pods-MyWeather/Pods-MyWeather-resources.sh\"\n";
			showEnvVarsInLog = 0;
		};
		1B17AEED49F4BC551C09A653 /* [CP] Check Pods Manifest.lock */ = {
			isa = PBXShellScriptBuildPhase;
			buildActionMask = 2147483647;
			files = (
			);
			inputFileListPaths = (
			);
			inputPaths = (
				"${PODS_PODFILE_DIR_PATH}/Podfile.lock",
				"${PODS_ROOT}/Manifest.lock",
			);
			name = "[CP] Check Pods Manifest.lock";
			outputFileListPaths = (
			);
			outputPaths = (
				"$(DERIVED_FILE_DIR)/Pods-MyWeather-checkManifestLockResult.txt",
			);
			runOnlyForDeploymentPostprocessing = 0;
			shellPath = /bin/sh;
			shellScript = "diff \"${PODS_PODFILE_DIR_PATH}/Podfile.lock\" \"${PODS_ROOT}/Manifest.lock\" > /dev/null\nif [ $? != 0 ] ; then\n    # print error to STDERR\n    echo \"error: The sandbox is not in sync with the Podfile.lock. Run 'pod install' or update your CocoaPods installation.\" >&2\n    exit 1\nfi\n# This output is used by Xcode 'outputs' to avoid re-running this script phase.\necho \"SUCCESS\" > \"${SCRIPT_OUTPUT_FILE_0}\"\n";
			showEnvVarsInLog = 0;
		};
/* End PBXShellScriptBuildPhase section */

/* Begin PBXSourcesBuildPhase section */
		41D221822889B5230019CD2F /* Sources */ = {
			isa = PBXSourcesBuildPhase;
			buildActionMask = 2147483647;
			files = (
				41BC19A428A6D1840004FAA9 /* GooglePlacesManager.swift in Sources */,
				41D2218E2889B5230019CD2F /* MainViewController.swift in Sources */,
				41D221C12889B7DD0019CD2F /* HourlyContainerCell.swift in Sources */,
				412FDB2128A53690008761B3 /* CityCell.swift in Sources */,
				4151DF382898071300C45B11 /* DailyContainerCell.swift in Sources */,
				41808DC1289ED72800C50D6D /* SearchViewController.swift in Sources */,
				41D2218A2889B5230019CD2F /* AppDelegate.swift in Sources */,
				41BA8C04289185F40070F063 /* Weather.swift in Sources */,
				41D2218C2889B5230019CD2F /* SceneDelegate.swift in Sources */,
				41BA8C082892DA740070F063 /* HourlyCollectionViewCell.swift in Sources */,
				4151DF412898112F00C45B11 /* DailyCollectionViewCell.swift in Sources */,
			);
			runOnlyForDeploymentPostprocessing = 0;
		};
		41D221982889B5250019CD2F /* Sources */ = {
			isa = PBXSourcesBuildPhase;
			buildActionMask = 2147483647;
			files = (
				41D221A12889B5250019CD2F /* MyWeatherTests.swift in Sources */,
			);
			runOnlyForDeploymentPostprocessing = 0;
		};
		41D221A22889B5250019CD2F /* Sources */ = {
			isa = PBXSourcesBuildPhase;
			buildActionMask = 2147483647;
			files = (
				41D221AB2889B5250019CD2F /* MyWeatherUITests.swift in Sources */,
				41D221AD2889B5250019CD2F /* MyWeatherUITestsLaunchTests.swift in Sources */,
			);
			runOnlyForDeploymentPostprocessing = 0;
		};
/* End PBXSourcesBuildPhase section */

/* Begin PBXTargetDependency section */
		41D2219E2889B5250019CD2F /* PBXTargetDependency */ = {
			isa = PBXTargetDependency;
			target = 41D221852889B5230019CD2F /* MyWeather */;
			targetProxy = 41D2219D2889B5250019CD2F /* PBXContainerItemProxy */;
		};
		41D221A82889B5250019CD2F /* PBXTargetDependency */ = {
			isa = PBXTargetDependency;
			target = 41D221852889B5230019CD2F /* MyWeather */;
			targetProxy = 41D221A72889B5250019CD2F /* PBXContainerItemProxy */;
		};
/* End PBXTargetDependency section */

/* Begin PBXVariantGroup section */
		41D2218F2889B5230019CD2F /* Main.storyboard */ = {
			isa = PBXVariantGroup;
			children = (
				41D221902889B5230019CD2F /* Base */,
			);
			name = Main.storyboard;
			sourceTree = "<group>";
		};
		41D221942889B5250019CD2F /* LaunchScreen.storyboard */ = {
			isa = PBXVariantGroup;
			children = (
				41D221952889B5250019CD2F /* Base */,
			);
			name = LaunchScreen.storyboard;
			sourceTree = "<group>";
		};
/* End PBXVariantGroup section */

/* Begin XCBuildConfiguration section */
		41D221AE2889B5250019CD2F /* Debug */ = {
			isa = XCBuildConfiguration;
			baseConfigurationReference = 41D2EA802898330C00230EC1 /* Secrets.xcconfig */;
			buildSettings = {
				ALWAYS_SEARCH_USER_PATHS = NO;
				CLANG_ANALYZER_NONNULL = YES;
				CLANG_ANALYZER_NUMBER_OBJECT_CONVERSION = YES_AGGRESSIVE;
				CLANG_CXX_LANGUAGE_STANDARD = "gnu++17";
				CLANG_ENABLE_MODULES = YES;
				CLANG_ENABLE_OBJC_ARC = YES;
				CLANG_ENABLE_OBJC_WEAK = YES;
				CLANG_WARN_BLOCK_CAPTURE_AUTORELEASING = YES;
				CLANG_WARN_BOOL_CONVERSION = YES;
				CLANG_WARN_COMMA = YES;
				CLANG_WARN_CONSTANT_CONVERSION = YES;
				CLANG_WARN_DEPRECATED_OBJC_IMPLEMENTATIONS = YES;
				CLANG_WARN_DIRECT_OBJC_ISA_USAGE = YES_ERROR;
				CLANG_WARN_DOCUMENTATION_COMMENTS = YES;
				CLANG_WARN_EMPTY_BODY = YES;
				CLANG_WARN_ENUM_CONVERSION = YES;
				CLANG_WARN_INFINITE_RECURSION = YES;
				CLANG_WARN_INT_CONVERSION = YES;
				CLANG_WARN_NON_LITERAL_NULL_CONVERSION = YES;
				CLANG_WARN_OBJC_IMPLICIT_RETAIN_SELF = YES;
				CLANG_WARN_OBJC_LITERAL_CONVERSION = YES;
				CLANG_WARN_OBJC_ROOT_CLASS = YES_ERROR;
				CLANG_WARN_QUOTED_INCLUDE_IN_FRAMEWORK_HEADER = YES;
				CLANG_WARN_RANGE_LOOP_ANALYSIS = YES;
				CLANG_WARN_STRICT_PROTOTYPES = YES;
				CLANG_WARN_SUSPICIOUS_MOVE = YES;
				CLANG_WARN_UNGUARDED_AVAILABILITY = YES_AGGRESSIVE;
				CLANG_WARN_UNREACHABLE_CODE = YES;
				CLANG_WARN__DUPLICATE_METHOD_MATCH = YES;
				COPY_PHASE_STRIP = NO;
				DEBUG_INFORMATION_FORMAT = dwarf;
				ENABLE_STRICT_OBJC_MSGSEND = YES;
				ENABLE_TESTABILITY = YES;
				GCC_C_LANGUAGE_STANDARD = gnu11;
				GCC_DYNAMIC_NO_PIC = NO;
				GCC_NO_COMMON_BLOCKS = YES;
				GCC_OPTIMIZATION_LEVEL = 0;
				GCC_PREPROCESSOR_DEFINITIONS = (
					"DEBUG=1",
					"$(inherited)",
				);
				GCC_WARN_64_TO_32_BIT_CONVERSION = YES;
				GCC_WARN_ABOUT_RETURN_TYPE = YES_ERROR;
				GCC_WARN_UNDECLARED_SELECTOR = YES;
				GCC_WARN_UNINITIALIZED_AUTOS = YES_AGGRESSIVE;
				GCC_WARN_UNUSED_FUNCTION = YES;
				GCC_WARN_UNUSED_VARIABLE = YES;
				IPHONEOS_DEPLOYMENT_TARGET = 15.5;
				MTL_ENABLE_DEBUG_INFO = INCLUDE_SOURCE;
				MTL_FAST_MATH = YES;
				ONLY_ACTIVE_ARCH = YES;
				SDKROOT = iphoneos;
				SWIFT_ACTIVE_COMPILATION_CONDITIONS = DEBUG;
				SWIFT_OPTIMIZATION_LEVEL = "-Onone";
			};
			name = Debug;
		};
		41D221AF2889B5250019CD2F /* Release */ = {
			isa = XCBuildConfiguration;
			baseConfigurationReference = 41D2EA802898330C00230EC1 /* Secrets.xcconfig */;
			buildSettings = {
				ALWAYS_SEARCH_USER_PATHS = NO;
				CLANG_ANALYZER_NONNULL = YES;
				CLANG_ANALYZER_NUMBER_OBJECT_CONVERSION = YES_AGGRESSIVE;
				CLANG_CXX_LANGUAGE_STANDARD = "gnu++17";
				CLANG_ENABLE_MODULES = YES;
				CLANG_ENABLE_OBJC_ARC = YES;
				CLANG_ENABLE_OBJC_WEAK = YES;
				CLANG_WARN_BLOCK_CAPTURE_AUTORELEASING = YES;
				CLANG_WARN_BOOL_CONVERSION = YES;
				CLANG_WARN_COMMA = YES;
				CLANG_WARN_CONSTANT_CONVERSION = YES;
				CLANG_WARN_DEPRECATED_OBJC_IMPLEMENTATIONS = YES;
				CLANG_WARN_DIRECT_OBJC_ISA_USAGE = YES_ERROR;
				CLANG_WARN_DOCUMENTATION_COMMENTS = YES;
				CLANG_WARN_EMPTY_BODY = YES;
				CLANG_WARN_ENUM_CONVERSION = YES;
				CLANG_WARN_INFINITE_RECURSION = YES;
				CLANG_WARN_INT_CONVERSION = YES;
				CLANG_WARN_NON_LITERAL_NULL_CONVERSION = YES;
				CLANG_WARN_OBJC_IMPLICIT_RETAIN_SELF = YES;
				CLANG_WARN_OBJC_LITERAL_CONVERSION = YES;
				CLANG_WARN_OBJC_ROOT_CLASS = YES_ERROR;
				CLANG_WARN_QUOTED_INCLUDE_IN_FRAMEWORK_HEADER = YES;
				CLANG_WARN_RANGE_LOOP_ANALYSIS = YES;
				CLANG_WARN_STRICT_PROTOTYPES = YES;
				CLANG_WARN_SUSPICIOUS_MOVE = YES;
				CLANG_WARN_UNGUARDED_AVAILABILITY = YES_AGGRESSIVE;
				CLANG_WARN_UNREACHABLE_CODE = YES;
				CLANG_WARN__DUPLICATE_METHOD_MATCH = YES;
				COPY_PHASE_STRIP = NO;
				DEBUG_INFORMATION_FORMAT = "dwarf-with-dsym";
				ENABLE_NS_ASSERTIONS = NO;
				ENABLE_STRICT_OBJC_MSGSEND = YES;
				GCC_C_LANGUAGE_STANDARD = gnu11;
				GCC_NO_COMMON_BLOCKS = YES;
				GCC_WARN_64_TO_32_BIT_CONVERSION = YES;
				GCC_WARN_ABOUT_RETURN_TYPE = YES_ERROR;
				GCC_WARN_UNDECLARED_SELECTOR = YES;
				GCC_WARN_UNINITIALIZED_AUTOS = YES_AGGRESSIVE;
				GCC_WARN_UNUSED_FUNCTION = YES;
				GCC_WARN_UNUSED_VARIABLE = YES;
				IPHONEOS_DEPLOYMENT_TARGET = 15.5;
				MTL_ENABLE_DEBUG_INFO = NO;
				MTL_FAST_MATH = YES;
				SDKROOT = iphoneos;
				SWIFT_COMPILATION_MODE = wholemodule;
				SWIFT_OPTIMIZATION_LEVEL = "-O";
				VALIDATE_PRODUCT = YES;
			};
			name = Release;
		};
		41D221B12889B5250019CD2F /* Debug */ = {
			isa = XCBuildConfiguration;
			baseConfigurationReference = 68B1F4C65D7A043096A731A8 /* Pods-MyWeather.debug.xcconfig */;
			buildSettings = {
				ASSETCATALOG_COMPILER_APPICON_NAME = AppIcon;
				ASSETCATALOG_COMPILER_GLOBAL_ACCENT_COLOR_NAME = AccentColor;
				CODE_SIGN_STYLE = Automatic;
				CURRENT_PROJECT_VERSION = 1;
				DEVELOPMENT_TEAM = K3WVRH5UCM;
				GENERATE_INFOPLIST_FILE = YES;
				INFOPLIST_FILE = MyWeather/Info.plist;
				INFOPLIST_KEY_UIApplicationSupportsIndirectInputEvents = YES;
				INFOPLIST_KEY_UILaunchStoryboardName = LaunchScreen;
				INFOPLIST_KEY_UIMainStoryboardFile = Main;
				INFOPLIST_KEY_UISupportedInterfaceOrientations_iPad = "UIInterfaceOrientationPortrait UIInterfaceOrientationPortraitUpsideDown UIInterfaceOrientationLandscapeLeft UIInterfaceOrientationLandscapeRight";
				INFOPLIST_KEY_UISupportedInterfaceOrientations_iPhone = "UIInterfaceOrientationPortrait UIInterfaceOrientationLandscapeLeft UIInterfaceOrientationLandscapeRight";
				LD_RUNPATH_SEARCH_PATHS = (
					"$(inherited)",
					"@executable_path/Frameworks",
				);
				MARKETING_VERSION = 1.0;
				PRODUCT_BUNDLE_IDENTIFIER = Tatiana.MyWeather;
				PRODUCT_NAME = "$(TARGET_NAME)";
				SWIFT_EMIT_LOC_STRINGS = YES;
				SWIFT_VERSION = 5.0;
				TARGETED_DEVICE_FAMILY = "1,2";
			};
			name = Debug;
		};
		41D221B22889B5250019CD2F /* Release */ = {
			isa = XCBuildConfiguration;
			baseConfigurationReference = BC399531EAB75DDDF6520D62 /* Pods-MyWeather.release.xcconfig */;
			buildSettings = {
				ASSETCATALOG_COMPILER_APPICON_NAME = AppIcon;
				ASSETCATALOG_COMPILER_GLOBAL_ACCENT_COLOR_NAME = AccentColor;
				CODE_SIGN_STYLE = Automatic;
				CURRENT_PROJECT_VERSION = 1;
				DEVELOPMENT_TEAM = K3WVRH5UCM;
				GENERATE_INFOPLIST_FILE = YES;
				INFOPLIST_FILE = MyWeather/Info.plist;
				INFOPLIST_KEY_UIApplicationSupportsIndirectInputEvents = YES;
				INFOPLIST_KEY_UILaunchStoryboardName = LaunchScreen;
				INFOPLIST_KEY_UIMainStoryboardFile = Main;
				INFOPLIST_KEY_UISupportedInterfaceOrientations_iPad = "UIInterfaceOrientationPortrait UIInterfaceOrientationPortraitUpsideDown UIInterfaceOrientationLandscapeLeft UIInterfaceOrientationLandscapeRight";
				INFOPLIST_KEY_UISupportedInterfaceOrientations_iPhone = "UIInterfaceOrientationPortrait UIInterfaceOrientationLandscapeLeft UIInterfaceOrientationLandscapeRight";
				LD_RUNPATH_SEARCH_PATHS = (
					"$(inherited)",
					"@executable_path/Frameworks",
				);
				MARKETING_VERSION = 1.0;
				PRODUCT_BUNDLE_IDENTIFIER = Tatiana.MyWeather;
				PRODUCT_NAME = "$(TARGET_NAME)";
				SWIFT_EMIT_LOC_STRINGS = YES;
				SWIFT_VERSION = 5.0;
				TARGETED_DEVICE_FAMILY = "1,2";
			};
			name = Release;
		};
		41D221B42889B5250019CD2F /* Debug */ = {
			isa = XCBuildConfiguration;
			buildSettings = {
				ALWAYS_EMBED_SWIFT_STANDARD_LIBRARIES = YES;
				BUNDLE_LOADER = "$(TEST_HOST)";
				CODE_SIGN_STYLE = Automatic;
				CURRENT_PROJECT_VERSION = 1;
				DEVELOPMENT_TEAM = K3WVRH5UCM;
				GENERATE_INFOPLIST_FILE = YES;
				IPHONEOS_DEPLOYMENT_TARGET = 15.4;
				MARKETING_VERSION = 1.0;
				PRODUCT_BUNDLE_IDENTIFIER = Tatiana.MyWeatherTests;
				PRODUCT_NAME = "$(TARGET_NAME)";
				SWIFT_EMIT_LOC_STRINGS = NO;
				SWIFT_VERSION = 5.0;
				TARGETED_DEVICE_FAMILY = "1,2";
				TEST_HOST = "$(BUILT_PRODUCTS_DIR)/MyWeather.app/MyWeather";
			};
			name = Debug;
		};
		41D221B52889B5250019CD2F /* Release */ = {
			isa = XCBuildConfiguration;
			buildSettings = {
				ALWAYS_EMBED_SWIFT_STANDARD_LIBRARIES = YES;
				BUNDLE_LOADER = "$(TEST_HOST)";
				CODE_SIGN_STYLE = Automatic;
				CURRENT_PROJECT_VERSION = 1;
				DEVELOPMENT_TEAM = K3WVRH5UCM;
				GENERATE_INFOPLIST_FILE = YES;
				IPHONEOS_DEPLOYMENT_TARGET = 15.4;
				MARKETING_VERSION = 1.0;
				PRODUCT_BUNDLE_IDENTIFIER = Tatiana.MyWeatherTests;
				PRODUCT_NAME = "$(TARGET_NAME)";
				SWIFT_EMIT_LOC_STRINGS = NO;
				SWIFT_VERSION = 5.0;
				TARGETED_DEVICE_FAMILY = "1,2";
				TEST_HOST = "$(BUILT_PRODUCTS_DIR)/MyWeather.app/MyWeather";
			};
			name = Release;
		};
		41D221B72889B5250019CD2F /* Debug */ = {
			isa = XCBuildConfiguration;
			buildSettings = {
				ALWAYS_EMBED_SWIFT_STANDARD_LIBRARIES = YES;
				CODE_SIGN_STYLE = Automatic;
				CURRENT_PROJECT_VERSION = 1;
				DEVELOPMENT_TEAM = K3WVRH5UCM;
				GENERATE_INFOPLIST_FILE = YES;
				MARKETING_VERSION = 1.0;
				PRODUCT_BUNDLE_IDENTIFIER = Tatiana.MyWeatherUITests;
				PRODUCT_NAME = "$(TARGET_NAME)";
				SWIFT_EMIT_LOC_STRINGS = NO;
				SWIFT_VERSION = 5.0;
				TARGETED_DEVICE_FAMILY = "1,2";
				TEST_TARGET_NAME = MyWeather;
			};
			name = Debug;
		};
		41D221B82889B5250019CD2F /* Release */ = {
			isa = XCBuildConfiguration;
			buildSettings = {
				ALWAYS_EMBED_SWIFT_STANDARD_LIBRARIES = YES;
				CODE_SIGN_STYLE = Automatic;
				CURRENT_PROJECT_VERSION = 1;
				DEVELOPMENT_TEAM = K3WVRH5UCM;
				GENERATE_INFOPLIST_FILE = YES;
				MARKETING_VERSION = 1.0;
				PRODUCT_BUNDLE_IDENTIFIER = Tatiana.MyWeatherUITests;
				PRODUCT_NAME = "$(TARGET_NAME)";
				SWIFT_EMIT_LOC_STRINGS = NO;
				SWIFT_VERSION = 5.0;
				TARGETED_DEVICE_FAMILY = "1,2";
				TEST_TARGET_NAME = MyWeather;
			};
			name = Release;
		};
/* End XCBuildConfiguration section */

/* Begin XCConfigurationList section */
		41D221812889B5230019CD2F /* Build configuration list for PBXProject "MyWeather" */ = {
			isa = XCConfigurationList;
			buildConfigurations = (
				41D221AE2889B5250019CD2F /* Debug */,
				41D221AF2889B5250019CD2F /* Release */,
			);
			defaultConfigurationIsVisible = 0;
			defaultConfigurationName = Release;
		};
		41D221B02889B5250019CD2F /* Build configuration list for PBXNativeTarget "MyWeather" */ = {
			isa = XCConfigurationList;
			buildConfigurations = (
				41D221B12889B5250019CD2F /* Debug */,
				41D221B22889B5250019CD2F /* Release */,
			);
			defaultConfigurationIsVisible = 0;
			defaultConfigurationName = Release;
		};
		41D221B32889B5250019CD2F /* Build configuration list for PBXNativeTarget "MyWeatherTests" */ = {
			isa = XCConfigurationList;
			buildConfigurations = (
				41D221B42889B5250019CD2F /* Debug */,
				41D221B52889B5250019CD2F /* Release */,
			);
			defaultConfigurationIsVisible = 0;
			defaultConfigurationName = Release;
		};
		41D221B62889B5250019CD2F /* Build configuration list for PBXNativeTarget "MyWeatherUITests" */ = {
			isa = XCConfigurationList;
			buildConfigurations = (
				41D221B72889B5250019CD2F /* Debug */,
				41D221B82889B5250019CD2F /* Release */,
			);
			defaultConfigurationIsVisible = 0;
			defaultConfigurationName = Release;
		};
/* End XCConfigurationList section */
	};
	rootObject = 41D2217E2889B5230019CD2F /* Project object */;
}
